// !$*UTF8*$!
{
	archiveVersion = 1;
	classes = {
	};
	objectVersion = 50;
	objects = {

/* Begin PBXBuildFile section */
		034A3C630992566F02B51296 /* Pods_BankingAppUITests.framework in Frameworks */ = {isa = PBXBuildFile; fileRef = 02B4FBEA0A3743757D2D78B5 /* Pods_BankingAppUITests.framework */; };
		4808B29F61001D324E9B72CB /* Pods_BankingApp.framework in Frameworks */ = {isa = PBXBuildFile; fileRef = 83B7AE938D3FEC1568FC85B7 /* Pods_BankingApp.framework */; };
		56E23952210106DA001FA83B /* Transfer.storyboard in Resources */ = {isa = PBXBuildFile; fileRef = 56E23951210106DA001FA83B /* Transfer.storyboard */; };
		6F31FEE720F3DD8800BE2B3E /* User.swift in Sources */ = {isa = PBXBuildFile; fileRef = 6F31FEE620F3DD8800BE2B3E /* User.swift */; };
		6F5263E920F3D61B0042EA6A /* Accounts.swift in Sources */ = {isa = PBXBuildFile; fileRef = 6F5263E820F3D61B0042EA6A /* Accounts.swift */; };
		6F5263EB20F3D6360042EA6A /* Transfer.swift in Sources */ = {isa = PBXBuildFile; fileRef = 6F5263EA20F3D6360042EA6A /* Transfer.swift */; };
		6F5263ED20F3D6450042EA6A /* Profile.swift in Sources */ = {isa = PBXBuildFile; fileRef = 6F5263EC20F3D6450042EA6A /* Profile.swift */; };
		6F5263EF20F3D6D60042EA6A /* Alerts.swift in Sources */ = {isa = PBXBuildFile; fileRef = 6F5263EE20F3D6D60042EA6A /* Alerts.swift */; };
		6F6749D520F3C6A900CB9A32 /* SupportingFunctions.swift in Sources */ = {isa = PBXBuildFile; fileRef = 6F6749D420F3C6A900CB9A32 /* SupportingFunctions.swift */; };
		6F6D3FE42100FD6A0037B868 /* DatabaseNotes in Resources */ = {isa = PBXBuildFile; fileRef = 6F6D3FE32100FD6A0037B868 /* DatabaseNotes */; };
		6F6D3FE62100FF170037B868 /* ForgotPassword.swift in Sources */ = {isa = PBXBuildFile; fileRef = 6F6D3FE52100FF170037B868 /* ForgotPassword.swift */; };
		6F6F651520EBF3B90023A647 /* AppDelegate.swift in Sources */ = {isa = PBXBuildFile; fileRef = 6F6F651420EBF3B90023A647 /* AppDelegate.swift */; };
		6F6F651720EBF3B90023A647 /* Login.swift in Sources */ = {isa = PBXBuildFile; fileRef = 6F6F651620EBF3B90023A647 /* Login.swift */; };
		6F6F651A20EBF3B90023A647 /* Main.storyboard in Resources */ = {isa = PBXBuildFile; fileRef = 6F6F651820EBF3B90023A647 /* Main.storyboard */; };
		6F6F651C20EBF3BB0023A647 /* Assets.xcassets in Resources */ = {isa = PBXBuildFile; fileRef = 6F6F651B20EBF3BB0023A647 /* Assets.xcassets */; };
		6F6F651F20EBF3BB0023A647 /* LaunchScreen.storyboard in Resources */ = {isa = PBXBuildFile; fileRef = 6F6F651D20EBF3BB0023A647 /* LaunchScreen.storyboard */; };
		6F6F652A20EBF3BB0023A647 /* BankingAppTests.swift in Sources */ = {isa = PBXBuildFile; fileRef = 6F6F652920EBF3BB0023A647 /* BankingAppTests.swift */; };
		6F6F653520EBF3BB0023A647 /* BankingAppUITests.swift in Sources */ = {isa = PBXBuildFile; fileRef = 6F6F653420EBF3BB0023A647 /* BankingAppUITests.swift */; };
		6FA10E3B20F56C670011ABC8 /* FeatureList in Resources */ = {isa = PBXBuildFile; fileRef = 6FA10E3A20F56C670011ABC8 /* FeatureList */; };
		6FD4762620F3D3A4004E254A /* GoogleService-Info.plist in Resources */ = {isa = PBXBuildFile; fileRef = 6FD4762520F3D3A3004E254A /* GoogleService-Info.plist */; };
		ED263CCA883B311CEDA1FCDD /* Pods_BankingAppTests.framework in Frameworks */ = {isa = PBXBuildFile; fileRef = 2685E8479A9E63EDA32460F3 /* Pods_BankingAppTests.framework */; };
/* End PBXBuildFile section */

/* Begin PBXContainerItemProxy section */
		6F6F652620EBF3BB0023A647 /* PBXContainerItemProxy */ = {
			isa = PBXContainerItemProxy;
			containerPortal = 6F6F650920EBF3B90023A647 /* Project object */;
			proxyType = 1;
			remoteGlobalIDString = 6F6F651020EBF3B90023A647;
			remoteInfo = BankingApp;
		};
		6F6F653120EBF3BB0023A647 /* PBXContainerItemProxy */ = {
			isa = PBXContainerItemProxy;
			containerPortal = 6F6F650920EBF3B90023A647 /* Project object */;
			proxyType = 1;
			remoteGlobalIDString = 6F6F651020EBF3B90023A647;
			remoteInfo = BankingApp;
		};
/* End PBXContainerItemProxy section */

/* Begin PBXFileReference section */
		02B4FBEA0A3743757D2D78B5 /* Pods_BankingAppUITests.framework */ = {isa = PBXFileReference; explicitFileType = wrapper.framework; includeInIndex = 0; path = Pods_BankingAppUITests.framework; sourceTree = BUILT_PRODUCTS_DIR; };
		1F84299B14593F4DEDD88712 /* Pods-BankingAppUITests.debug.xcconfig */ = {isa = PBXFileReference; includeInIndex = 1; lastKnownFileType = text.xcconfig; name = "Pods-BankingAppUITests.debug.xcconfig"; path = "Pods/Target Support Files/Pods-BankingAppUITests/Pods-BankingAppUITests.debug.xcconfig"; sourceTree = "<group>"; };
		2685E8479A9E63EDA32460F3 /* Pods_BankingAppTests.framework */ = {isa = PBXFileReference; explicitFileType = wrapper.framework; includeInIndex = 0; path = Pods_BankingAppTests.framework; sourceTree = BUILT_PRODUCTS_DIR; };
		433FFAB1EDD07457E1E670A1 /* Pods-BankingAppUITests.release.xcconfig */ = {isa = PBXFileReference; includeInIndex = 1; lastKnownFileType = text.xcconfig; name = "Pods-BankingAppUITests.release.xcconfig"; path = "Pods/Target Support Files/Pods-BankingAppUITests/Pods-BankingAppUITests.release.xcconfig"; sourceTree = "<group>"; };
		56E23951210106DA001FA83B /* Transfer.storyboard */ = {isa = PBXFileReference; lastKnownFileType = file.storyboard; path = Transfer.storyboard; sourceTree = "<group>"; };
		69CADE791EB189F803617134 /* Pods-BankingApp.debug.xcconfig */ = {isa = PBXFileReference; includeInIndex = 1; lastKnownFileType = text.xcconfig; name = "Pods-BankingApp.debug.xcconfig"; path = "Pods/Target Support Files/Pods-BankingApp/Pods-BankingApp.debug.xcconfig"; sourceTree = "<group>"; };
		6F31FEE620F3DD8800BE2B3E /* User.swift */ = {isa = PBXFileReference; lastKnownFileType = sourcecode.swift; path = User.swift; sourceTree = "<group>"; };
		6F5263E820F3D61B0042EA6A /* Accounts.swift */ = {isa = PBXFileReference; lastKnownFileType = sourcecode.swift; path = Accounts.swift; sourceTree = "<group>"; };
		6F5263EA20F3D6360042EA6A /* Transfer.swift */ = {isa = PBXFileReference; lastKnownFileType = sourcecode.swift; path = Transfer.swift; sourceTree = "<group>"; };
		6F5263EC20F3D6450042EA6A /* Profile.swift */ = {isa = PBXFileReference; lastKnownFileType = sourcecode.swift; path = Profile.swift; sourceTree = "<group>"; };
		6F5263EE20F3D6D60042EA6A /* Alerts.swift */ = {isa = PBXFileReference; lastKnownFileType = sourcecode.swift; path = Alerts.swift; sourceTree = "<group>"; };
		6F6749D420F3C6A900CB9A32 /* SupportingFunctions.swift */ = {isa = PBXFileReference; lastKnownFileType = sourcecode.swift; path = SupportingFunctions.swift; sourceTree = "<group>"; };
		6F6D3FE32100FD6A0037B868 /* DatabaseNotes */ = {isa = PBXFileReference; lastKnownFileType = text; path = DatabaseNotes; sourceTree = "<group>"; };
		6F6D3FE52100FF170037B868 /* ForgotPassword.swift */ = {isa = PBXFileReference; lastKnownFileType = sourcecode.swift; path = ForgotPassword.swift; sourceTree = "<group>"; };
		6F6F651120EBF3B90023A647 /* BankingApp.app */ = {isa = PBXFileReference; explicitFileType = wrapper.application; includeInIndex = 0; path = BankingApp.app; sourceTree = BUILT_PRODUCTS_DIR; };
		6F6F651420EBF3B90023A647 /* AppDelegate.swift */ = {isa = PBXFileReference; lastKnownFileType = sourcecode.swift; path = AppDelegate.swift; sourceTree = "<group>"; };
		6F6F651620EBF3B90023A647 /* Login.swift */ = {isa = PBXFileReference; lastKnownFileType = sourcecode.swift; path = Login.swift; sourceTree = "<group>"; };
		6F6F651920EBF3B90023A647 /* Base */ = {isa = PBXFileReference; lastKnownFileType = file.storyboard; name = Base; path = Base.lproj/Main.storyboard; sourceTree = "<group>"; };
		6F6F651B20EBF3BB0023A647 /* Assets.xcassets */ = {isa = PBXFileReference; lastKnownFileType = folder.assetcatalog; path = Assets.xcassets; sourceTree = "<group>"; };
		6F6F651E20EBF3BB0023A647 /* Base */ = {isa = PBXFileReference; lastKnownFileType = file.storyboard; name = Base; path = Base.lproj/LaunchScreen.storyboard; sourceTree = "<group>"; };
		6F6F652020EBF3BB0023A647 /* Info.plist */ = {isa = PBXFileReference; lastKnownFileType = text.plist.xml; path = Info.plist; sourceTree = "<group>"; };
		6F6F652520EBF3BB0023A647 /* BankingAppTests.xctest */ = {isa = PBXFileReference; explicitFileType = wrapper.cfbundle; includeInIndex = 0; path = BankingAppTests.xctest; sourceTree = BUILT_PRODUCTS_DIR; };
		6F6F652920EBF3BB0023A647 /* BankingAppTests.swift */ = {isa = PBXFileReference; lastKnownFileType = sourcecode.swift; path = BankingAppTests.swift; sourceTree = "<group>"; };
		6F6F652B20EBF3BB0023A647 /* Info.plist */ = {isa = PBXFileReference; lastKnownFileType = text.plist.xml; path = Info.plist; sourceTree = "<group>"; };
		6F6F653020EBF3BB0023A647 /* BankingAppUITests.xctest */ = {isa = PBXFileReference; explicitFileType = wrapper.cfbundle; includeInIndex = 0; path = BankingAppUITests.xctest; sourceTree = BUILT_PRODUCTS_DIR; };
		6F6F653420EBF3BB0023A647 /* BankingAppUITests.swift */ = {isa = PBXFileReference; lastKnownFileType = sourcecode.swift; path = BankingAppUITests.swift; sourceTree = "<group>"; };
		6F6F653620EBF3BB0023A647 /* Info.plist */ = {isa = PBXFileReference; lastKnownFileType = text.plist.xml; path = Info.plist; sourceTree = "<group>"; };
		6FA10E3A20F56C670011ABC8 /* FeatureList */ = {isa = PBXFileReference; lastKnownFileType = text; path = FeatureList; sourceTree = "<group>"; };
		6FD4762520F3D3A3004E254A /* GoogleService-Info.plist */ = {isa = PBXFileReference; fileEncoding = 4; lastKnownFileType = text.plist.xml; path = "GoogleService-Info.plist"; sourceTree = "<group>"; };
		83B7AE938D3FEC1568FC85B7 /* Pods_BankingApp.framework */ = {isa = PBXFileReference; explicitFileType = wrapper.framework; includeInIndex = 0; path = Pods_BankingApp.framework; sourceTree = BUILT_PRODUCTS_DIR; };
		8BD71EC494F021BA1AED474D /* Pods-BankingAppTests.debug.xcconfig */ = {isa = PBXFileReference; includeInIndex = 1; lastKnownFileType = text.xcconfig; name = "Pods-BankingAppTests.debug.xcconfig"; path = "Pods/Target Support Files/Pods-BankingAppTests/Pods-BankingAppTests.debug.xcconfig"; sourceTree = "<group>"; };
		995AAE5D49A113D5EB737AAF /* Pods-BankingApp.release.xcconfig */ = {isa = PBXFileReference; includeInIndex = 1; lastKnownFileType = text.xcconfig; name = "Pods-BankingApp.release.xcconfig"; path = "Pods/Target Support Files/Pods-BankingApp/Pods-BankingApp.release.xcconfig"; sourceTree = "<group>"; };
		A8CB5C77297597A410CF0502 /* Pods-BankingAppTests.release.xcconfig */ = {isa = PBXFileReference; includeInIndex = 1; lastKnownFileType = text.xcconfig; name = "Pods-BankingAppTests.release.xcconfig"; path = "Pods/Target Support Files/Pods-BankingAppTests/Pods-BankingAppTests.release.xcconfig"; sourceTree = "<group>"; };
/* End PBXFileReference section */

/* Begin PBXFrameworksBuildPhase section */
		6F6F650E20EBF3B90023A647 /* Frameworks */ = {
			isa = PBXFrameworksBuildPhase;
			buildActionMask = 2147483647;
			files = (
				4808B29F61001D324E9B72CB /* Pods_BankingApp.framework in Frameworks */,
			);
			runOnlyForDeploymentPostprocessing = 0;
		};
		6F6F652220EBF3BB0023A647 /* Frameworks */ = {
			isa = PBXFrameworksBuildPhase;
			buildActionMask = 2147483647;
			files = (
				ED263CCA883B311CEDA1FCDD /* Pods_BankingAppTests.framework in Frameworks */,
			);
			runOnlyForDeploymentPostprocessing = 0;
		};
		6F6F652D20EBF3BB0023A647 /* Frameworks */ = {
			isa = PBXFrameworksBuildPhase;
			buildActionMask = 2147483647;
			files = (
				034A3C630992566F02B51296 /* Pods_BankingAppUITests.framework in Frameworks */,
			);
			runOnlyForDeploymentPostprocessing = 0;
		};
/* End PBXFrameworksBuildPhase section */

/* Begin PBXGroup section */
		56E23953210106EE001FA83B /* Transfer */ = {
			isa = PBXGroup;
			children = (
				6F5263EA20F3D6360042EA6A /* Transfer.swift */,
				56E23951210106DA001FA83B /* Transfer.storyboard */,
			);
			name = Transfer;
			path = "New Group";
			sourceTree = "<group>";
		};
		6F6749D320F3C67900CB9A32 /* Misc */ = {
			isa = PBXGroup;
			children = (
				6F6749D420F3C6A900CB9A32 /* SupportingFunctions.swift */,
				6F5263EE20F3D6D60042EA6A /* Alerts.swift */,
				6F31FEE620F3DD8800BE2B3E /* User.swift */,
			);
			path = Misc;
			sourceTree = "<group>";
		};
		6F6F650820EBF3B90023A647 = {
			isa = PBXGroup;
			children = (
				56E23953210106EE001FA83B /* Transfer */,
				6F6F651320EBF3B90023A647 /* BankingApp */,
				6F6F652820EBF3BB0023A647 /* BankingAppTests */,
				6F6F653320EBF3BB0023A647 /* BankingAppUITests */,
				6F6F651220EBF3B90023A647 /* Products */,
				C6E049B301381F73B5A3F866 /* Pods */,
				FD3B48D7E9DDC28C545E6185 /* Frameworks */,
			);
			sourceTree = "<group>";
		};
		6F6F651220EBF3B90023A647 /* Products */ = {
			isa = PBXGroup;
			children = (
				6F6F651120EBF3B90023A647 /* BankingApp.app */,
				6F6F652520EBF3BB0023A647 /* BankingAppTests.xctest */,
				6F6F653020EBF3BB0023A647 /* BankingAppUITests.xctest */,
			);
			name = Products;
			sourceTree = "<group>";
		};
		6F6F651320EBF3B90023A647 /* BankingApp */ = {
			isa = PBXGroup;
			children = (
				6F6F651420EBF3B90023A647 /* AppDelegate.swift */,
				6F6F651620EBF3B90023A647 /* Login.swift */,
				6F6D3FE52100FF170037B868 /* ForgotPassword.swift */,
				6F5263E820F3D61B0042EA6A /* Accounts.swift */,
				6F5263EC20F3D6450042EA6A /* Profile.swift */,
				6F6F651820EBF3B90023A647 /* Main.storyboard */,
				6F6749D320F3C67900CB9A32 /* Misc */,
				6F6F651B20EBF3BB0023A647 /* Assets.xcassets */,
				6F6F651D20EBF3BB0023A647 /* LaunchScreen.storyboard */,
				6FD4762520F3D3A3004E254A /* GoogleService-Info.plist */,
				6F6F652020EBF3BB0023A647 /* Info.plist */,
				6FA10E3A20F56C670011ABC8 /* FeatureList */,
				6F6D3FE32100FD6A0037B868 /* DatabaseNotes */,
			);
			path = BankingApp;
			sourceTree = "<group>";
		};
		6F6F652820EBF3BB0023A647 /* BankingAppTests */ = {
			isa = PBXGroup;
			children = (
				6F6F652920EBF3BB0023A647 /* BankingAppTests.swift */,
				6F6F652B20EBF3BB0023A647 /* Info.plist */,
			);
			path = BankingAppTests;
			sourceTree = "<group>";
		};
		6F6F653320EBF3BB0023A647 /* BankingAppUITests */ = {
			isa = PBXGroup;
			children = (
				6F6F653420EBF3BB0023A647 /* BankingAppUITests.swift */,
				6F6F653620EBF3BB0023A647 /* Info.plist */,
			);
			path = BankingAppUITests;
			sourceTree = "<group>";
		};
		C6E049B301381F73B5A3F866 /* Pods */ = {
			isa = PBXGroup;
			children = (
				69CADE791EB189F803617134 /* Pods-BankingApp.debug.xcconfig */,
				995AAE5D49A113D5EB737AAF /* Pods-BankingApp.release.xcconfig */,
				8BD71EC494F021BA1AED474D /* Pods-BankingAppTests.debug.xcconfig */,
				A8CB5C77297597A410CF0502 /* Pods-BankingAppTests.release.xcconfig */,
				1F84299B14593F4DEDD88712 /* Pods-BankingAppUITests.debug.xcconfig */,
				433FFAB1EDD07457E1E670A1 /* Pods-BankingAppUITests.release.xcconfig */,
			);
			name = Pods;
			sourceTree = "<group>";
		};
		FD3B48D7E9DDC28C545E6185 /* Frameworks */ = {
			isa = PBXGroup;
			children = (
				83B7AE938D3FEC1568FC85B7 /* Pods_BankingApp.framework */,
				2685E8479A9E63EDA32460F3 /* Pods_BankingAppTests.framework */,
				02B4FBEA0A3743757D2D78B5 /* Pods_BankingAppUITests.framework */,
			);
			name = Frameworks;
			sourceTree = "<group>";
		};
/* End PBXGroup section */

/* Begin PBXNativeTarget section */
		6F6F651020EBF3B90023A647 /* BankingApp */ = {
			isa = PBXNativeTarget;
			buildConfigurationList = 6F6F653920EBF3BB0023A647 /* Build configuration list for PBXNativeTarget "BankingApp" */;
			buildPhases = (
				AD378C5C00D1C8D179E26336 /* [CP] Check Pods Manifest.lock */,
				6F6F650D20EBF3B90023A647 /* Sources */,
				6F6F650E20EBF3B90023A647 /* Frameworks */,
				6F6F650F20EBF3B90023A647 /* Resources */,
				93F9CC654CC22B20BF3AD069 /* [CP] Embed Pods Frameworks */,
			);
			buildRules = (
			);
			dependencies = (
			);
			name = BankingApp;
			productName = BankingApp;
			productReference = 6F6F651120EBF3B90023A647 /* BankingApp.app */;
			productType = "com.apple.product-type.application";
		};
		6F6F652420EBF3BB0023A647 /* BankingAppTests */ = {
			isa = PBXNativeTarget;
			buildConfigurationList = 6F6F653C20EBF3BB0023A647 /* Build configuration list for PBXNativeTarget "BankingAppTests" */;
			buildPhases = (
				F61A6CAE29A13C8A5F7BCEFE /* [CP] Check Pods Manifest.lock */,
				6F6F652120EBF3BB0023A647 /* Sources */,
				6F6F652220EBF3BB0023A647 /* Frameworks */,
				6F6F652320EBF3BB0023A647 /* Resources */,
			);
			buildRules = (
			);
			dependencies = (
				6F6F652720EBF3BB0023A647 /* PBXTargetDependency */,
			);
			name = BankingAppTests;
			productName = BankingAppTests;
			productReference = 6F6F652520EBF3BB0023A647 /* BankingAppTests.xctest */;
			productType = "com.apple.product-type.bundle.unit-test";
		};
		6F6F652F20EBF3BB0023A647 /* BankingAppUITests */ = {
			isa = PBXNativeTarget;
			buildConfigurationList = 6F6F653F20EBF3BB0023A647 /* Build configuration list for PBXNativeTarget "BankingAppUITests" */;
			buildPhases = (
				82013B52A5B3308AD6CDDEE2 /* [CP] Check Pods Manifest.lock */,
				6F6F652C20EBF3BB0023A647 /* Sources */,
				6F6F652D20EBF3BB0023A647 /* Frameworks */,
				6F6F652E20EBF3BB0023A647 /* Resources */,
			);
			buildRules = (
			);
			dependencies = (
				6F6F653220EBF3BB0023A647 /* PBXTargetDependency */,
			);
			name = BankingAppUITests;
			productName = BankingAppUITests;
			productReference = 6F6F653020EBF3BB0023A647 /* BankingAppUITests.xctest */;
			productType = "com.apple.product-type.bundle.ui-testing";
		};
/* End PBXNativeTarget section */

/* Begin PBXProject section */
		6F6F650920EBF3B90023A647 /* Project object */ = {
			isa = PBXProject;
			attributes = {
				LastSwiftUpdateCheck = 0940;
				LastUpgradeCheck = 0940;
				ORGANIZATIONNAME = brad;
				TargetAttributes = {
					6F6F651020EBF3B90023A647 = {
						CreatedOnToolsVersion = 9.4;
					};
					6F6F652420EBF3BB0023A647 = {
						CreatedOnToolsVersion = 9.4;
						TestTargetID = 6F6F651020EBF3B90023A647;
					};
					6F6F652F20EBF3BB0023A647 = {
						CreatedOnToolsVersion = 9.4;
						TestTargetID = 6F6F651020EBF3B90023A647;
					};
				};
			};
			buildConfigurationList = 6F6F650C20EBF3B90023A647 /* Build configuration list for PBXProject "BankingApp" */;
			compatibilityVersion = "Xcode 9.3";
			developmentRegion = en;
			hasScannedForEncodings = 0;
			knownRegions = (
				en,
				Base,
			);
			mainGroup = 6F6F650820EBF3B90023A647;
			productRefGroup = 6F6F651220EBF3B90023A647 /* Products */;
			projectDirPath = "";
			projectRoot = "";
			targets = (
				6F6F651020EBF3B90023A647 /* BankingApp */,
				6F6F652420EBF3BB0023A647 /* BankingAppTests */,
				6F6F652F20EBF3BB0023A647 /* BankingAppUITests */,
			);
		};
/* End PBXProject section */

/* Begin PBXResourcesBuildPhase section */
		6F6F650F20EBF3B90023A647 /* Resources */ = {
			isa = PBXResourcesBuildPhase;
			buildActionMask = 2147483647;
			files = (
				6F6F651F20EBF3BB0023A647 /* LaunchScreen.storyboard in Resources */,
				6FD4762620F3D3A4004E254A /* GoogleService-Info.plist in Resources */,
				6F6F651C20EBF3BB0023A647 /* Assets.xcassets in Resources */,
				6FA10E3B20F56C670011ABC8 /* FeatureList in Resources */,
				56E23952210106DA001FA83B /* Transfer.storyboard in Resources */,
				6F6F651A20EBF3B90023A647 /* Main.storyboard in Resources */,
				6F6D3FE42100FD6A0037B868 /* DatabaseNotes in Resources */,
			);
			runOnlyForDeploymentPostprocessing = 0;
		};
		6F6F652320EBF3BB0023A647 /* Resources */ = {
			isa = PBXResourcesBuildPhase;
			buildActionMask = 2147483647;
			files = (
			);
			runOnlyForDeploymentPostprocessing = 0;
		};
		6F6F652E20EBF3BB0023A647 /* Resources */ = {
			isa = PBXResourcesBuildPhase;
			buildActionMask = 2147483647;
			files = (
			);
			runOnlyForDeploymentPostprocessing = 0;
		};
/* End PBXResourcesBuildPhase section */

/* Begin PBXShellScriptBuildPhase section */
		82013B52A5B3308AD6CDDEE2 /* [CP] Check Pods Manifest.lock */ = {
			isa = PBXShellScriptBuildPhase;
			buildActionMask = 2147483647;
			files = (
			);
			inputPaths = (
				"${PODS_PODFILE_DIR_PATH}/Podfile.lock",
				"${PODS_ROOT}/Manifest.lock",
			);
			name = "[CP] Check Pods Manifest.lock";
			outputPaths = (
				"$(DERIVED_FILE_DIR)/Pods-BankingAppUITests-checkManifestLockResult.txt",
			);
			runOnlyForDeploymentPostprocessing = 0;
			shellPath = /bin/sh;
			shellScript = "diff \"${PODS_PODFILE_DIR_PATH}/Podfile.lock\" \"${PODS_ROOT}/Manifest.lock\" > /dev/null\nif [ $? != 0 ] ; then\n    # print error to STDERR\n    echo \"error: The sandbox is not in sync with the Podfile.lock. Run 'pod install' or update your CocoaPods installation.\" >&2\n    exit 1\nfi\n# This output is used by Xcode 'outputs' to avoid re-running this script phase.\necho \"SUCCESS\" > \"${SCRIPT_OUTPUT_FILE_0}\"\n";
			showEnvVarsInLog = 0;
		};
		93F9CC654CC22B20BF3AD069 /* [CP] Embed Pods Frameworks */ = {
			isa = PBXShellScriptBuildPhase;
			buildActionMask = 2147483647;
			files = (
			);
			inputPaths = (
				"${SRCROOT}/Pods/Target Support Files/Pods-BankingApp/Pods-BankingApp-frameworks.sh",
				"${BUILT_PRODUCTS_DIR}/GTMSessionFetcher/GTMSessionFetcher.framework",
				"${BUILT_PRODUCTS_DIR}/GoogleToolboxForMac/GoogleToolboxForMac.framework",
				"${BUILT_PRODUCTS_DIR}/leveldb-library/leveldb.framework",
				"${BUILT_PRODUCTS_DIR}/nanopb/nanopb.framework",
			);
			name = "[CP] Embed Pods Frameworks";
			outputPaths = (
				"${TARGET_BUILD_DIR}/${FRAMEWORKS_FOLDER_PATH}/GTMSessionFetcher.framework",
				"${TARGET_BUILD_DIR}/${FRAMEWORKS_FOLDER_PATH}/GoogleToolboxForMac.framework",
				"${TARGET_BUILD_DIR}/${FRAMEWORKS_FOLDER_PATH}/leveldb.framework",
				"${TARGET_BUILD_DIR}/${FRAMEWORKS_FOLDER_PATH}/nanopb.framework",
			);
			runOnlyForDeploymentPostprocessing = 0;
			shellPath = /bin/sh;
			shellScript = "\"${SRCROOT}/Pods/Target Support Files/Pods-BankingApp/Pods-BankingApp-frameworks.sh\"\n";
			showEnvVarsInLog = 0;
		};
		AD378C5C00D1C8D179E26336 /* [CP] Check Pods Manifest.lock */ = {
			isa = PBXShellScriptBuildPhase;
			buildActionMask = 2147483647;
			files = (
			);
			inputPaths = (
				"${PODS_PODFILE_DIR_PATH}/Podfile.lock",
				"${PODS_ROOT}/Manifest.lock",
			);
			name = "[CP] Check Pods Manifest.lock";
			outputPaths = (
				"$(DERIVED_FILE_DIR)/Pods-BankingApp-checkManifestLockResult.txt",
			);
			runOnlyForDeploymentPostprocessing = 0;
			shellPath = /bin/sh;
			shellScript = "diff \"${PODS_PODFILE_DIR_PATH}/Podfile.lock\" \"${PODS_ROOT}/Manifest.lock\" > /dev/null\nif [ $? != 0 ] ; then\n    # print error to STDERR\n    echo \"error: The sandbox is not in sync with the Podfile.lock. Run 'pod install' or update your CocoaPods installation.\" >&2\n    exit 1\nfi\n# This output is used by Xcode 'outputs' to avoid re-running this script phase.\necho \"SUCCESS\" > \"${SCRIPT_OUTPUT_FILE_0}\"\n";
			showEnvVarsInLog = 0;
		};
		F61A6CAE29A13C8A5F7BCEFE /* [CP] Check Pods Manifest.lock */ = {
			isa = PBXShellScriptBuildPhase;
			buildActionMask = 2147483647;
			files = (
			);
			inputPaths = (
				"${PODS_PODFILE_DIR_PATH}/Podfile.lock",
				"${PODS_ROOT}/Manifest.lock",
			);
			name = "[CP] Check Pods Manifest.lock";
			outputPaths = (
				"$(DERIVED_FILE_DIR)/Pods-BankingAppTests-checkManifestLockResult.txt",
			);
			runOnlyForDeploymentPostprocessing = 0;
			shellPath = /bin/sh;
			shellScript = "diff \"${PODS_PODFILE_DIR_PATH}/Podfile.lock\" \"${PODS_ROOT}/Manifest.lock\" > /dev/null\nif [ $? != 0 ] ; then\n    # print error to STDERR\n    echo \"error: The sandbox is not in sync with the Podfile.lock. Run 'pod install' or update your CocoaPods installation.\" >&2\n    exit 1\nfi\n# This output is used by Xcode 'outputs' to avoid re-running this script phase.\necho \"SUCCESS\" > \"${SCRIPT_OUTPUT_FILE_0}\"\n";
			showEnvVarsInLog = 0;
		};
/* End PBXShellScriptBuildPhase section */

/* Begin PBXSourcesBuildPhase section */
		6F6F650D20EBF3B90023A647 /* Sources */ = {
			isa = PBXSourcesBuildPhase;
			buildActionMask = 2147483647;
			files = (
				6F5263E920F3D61B0042EA6A /* Accounts.swift in Sources */,
				6F5263ED20F3D6450042EA6A /* Profile.swift in Sources */,
				6F5263EB20F3D6360042EA6A /* Transfer.swift in Sources */,
				6F6F651720EBF3B90023A647 /* Login.swift in Sources */,
				6F31FEE720F3DD8800BE2B3E /* User.swift in Sources */,
				6F6F651520EBF3B90023A647 /* AppDelegate.swift in Sources */,
				6F5263EF20F3D6D60042EA6A /* Alerts.swift in Sources */,
				6F6749D520F3C6A900CB9A32 /* SupportingFunctions.swift in Sources */,
				6F6D3FE62100FF170037B868 /* ForgotPassword.swift in Sources */,
			);
			runOnlyForDeploymentPostprocessing = 0;
		};
		6F6F652120EBF3BB0023A647 /* Sources */ = {
			isa = PBXSourcesBuildPhase;
			buildActionMask = 2147483647;
			files = (
				6F6F652A20EBF3BB0023A647 /* BankingAppTests.swift in Sources */,
			);
			runOnlyForDeploymentPostprocessing = 0;
		};
		6F6F652C20EBF3BB0023A647 /* Sources */ = {
			isa = PBXSourcesBuildPhase;
			buildActionMask = 2147483647;
			files = (
				6F6F653520EBF3BB0023A647 /* BankingAppUITests.swift in Sources */,
			);
			runOnlyForDeploymentPostprocessing = 0;
		};
/* End PBXSourcesBuildPhase section */

/* Begin PBXTargetDependency section */
		6F6F652720EBF3BB0023A647 /* PBXTargetDependency */ = {
			isa = PBXTargetDependency;
			target = 6F6F651020EBF3B90023A647 /* BankingApp */;
			targetProxy = 6F6F652620EBF3BB0023A647 /* PBXContainerItemProxy */;
		};
		6F6F653220EBF3BB0023A647 /* PBXTargetDependency */ = {
			isa = PBXTargetDependency;
			target = 6F6F651020EBF3B90023A647 /* BankingApp */;
			targetProxy = 6F6F653120EBF3BB0023A647 /* PBXContainerItemProxy */;
		};
/* End PBXTargetDependency section */

/* Begin PBXVariantGroup section */
		6F6F651820EBF3B90023A647 /* Main.storyboard */ = {
			isa = PBXVariantGroup;
			children = (
				6F6F651920EBF3B90023A647 /* Base */,
			);
			name = Main.storyboard;
			sourceTree = "<group>";
		};
		6F6F651D20EBF3BB0023A647 /* LaunchScreen.storyboard */ = {
			isa = PBXVariantGroup;
			children = (
				6F6F651E20EBF3BB0023A647 /* Base */,
			);
			name = LaunchScreen.storyboard;
			sourceTree = "<group>";
		};
/* End PBXVariantGroup section */

/* Begin XCBuildConfiguration section */
		6F6F653720EBF3BB0023A647 /* Debug */ = {
			isa = XCBuildConfiguration;
			buildSettings = {
				ALWAYS_SEARCH_USER_PATHS = NO;
				CLANG_ANALYZER_NONNULL = YES;
				CLANG_ANALYZER_NUMBER_OBJECT_CONVERSION = YES_AGGRESSIVE;
				CLANG_CXX_LANGUAGE_STANDARD = "gnu++14";
				CLANG_CXX_LIBRARY = "libc++";
				CLANG_ENABLE_MODULES = YES;
				CLANG_ENABLE_OBJC_ARC = YES;
				CLANG_ENABLE_OBJC_WEAK = YES;
				CLANG_WARN_BLOCK_CAPTURE_AUTORELEASING = YES;
				CLANG_WARN_BOOL_CONVERSION = YES;
				CLANG_WARN_COMMA = YES;
				CLANG_WARN_CONSTANT_CONVERSION = YES;
				CLANG_WARN_DEPRECATED_OBJC_IMPLEMENTATIONS = YES;
				CLANG_WARN_DIRECT_OBJC_ISA_USAGE = YES_ERROR;
				CLANG_WARN_DOCUMENTATION_COMMENTS = YES;
				CLANG_WARN_EMPTY_BODY = YES;
				CLANG_WARN_ENUM_CONVERSION = YES;
				CLANG_WARN_INFINITE_RECURSION = YES;
				CLANG_WARN_INT_CONVERSION = YES;
				CLANG_WARN_NON_LITERAL_NULL_CONVERSION = YES;
				CLANG_WARN_OBJC_IMPLICIT_RETAIN_SELF = YES;
				CLANG_WARN_OBJC_LITERAL_CONVERSION = YES;
				CLANG_WARN_OBJC_ROOT_CLASS = YES_ERROR;
				CLANG_WARN_RANGE_LOOP_ANALYSIS = YES;
				CLANG_WARN_STRICT_PROTOTYPES = YES;
				CLANG_WARN_SUSPICIOUS_MOVE = YES;
				CLANG_WARN_UNGUARDED_AVAILABILITY = YES_AGGRESSIVE;
				CLANG_WARN_UNREACHABLE_CODE = YES;
				CLANG_WARN__DUPLICATE_METHOD_MATCH = YES;
				CODE_SIGN_IDENTITY = "iPhone Developer";
				COPY_PHASE_STRIP = NO;
				DEBUG_INFORMATION_FORMAT = dwarf;
				ENABLE_STRICT_OBJC_MSGSEND = YES;
				ENABLE_TESTABILITY = YES;
				GCC_C_LANGUAGE_STANDARD = gnu11;
				GCC_DYNAMIC_NO_PIC = NO;
				GCC_NO_COMMON_BLOCKS = YES;
				GCC_OPTIMIZATION_LEVEL = 0;
				GCC_PREPROCESSOR_DEFINITIONS = (
					"DEBUG=1",
					"$(inherited)",
				);
				GCC_WARN_64_TO_32_BIT_CONVERSION = YES;
				GCC_WARN_ABOUT_RETURN_TYPE = YES_ERROR;
				GCC_WARN_UNDECLARED_SELECTOR = YES;
				GCC_WARN_UNINITIALIZED_AUTOS = YES_AGGRESSIVE;
				GCC_WARN_UNUSED_FUNCTION = YES;
				GCC_WARN_UNUSED_VARIABLE = YES;
				IPHONEOS_DEPLOYMENT_TARGET = 11.4;
				MTL_ENABLE_DEBUG_INFO = YES;
				ONLY_ACTIVE_ARCH = YES;
				SDKROOT = iphoneos;
				SWIFT_ACTIVE_COMPILATION_CONDITIONS = DEBUG;
				SWIFT_OPTIMIZATION_LEVEL = "-Onone";
			};
			name = Debug;
		};
		6F6F653820EBF3BB0023A647 /* Release */ = {
			isa = XCBuildConfiguration;
			buildSettings = {
				ALWAYS_SEARCH_USER_PATHS = NO;
				CLANG_ANALYZER_NONNULL = YES;
				CLANG_ANALYZER_NUMBER_OBJECT_CONVERSION = YES_AGGRESSIVE;
				CLANG_CXX_LANGUAGE_STANDARD = "gnu++14";
				CLANG_CXX_LIBRARY = "libc++";
				CLANG_ENABLE_MODULES = YES;
				CLANG_ENABLE_OBJC_ARC = YES;
				CLANG_ENABLE_OBJC_WEAK = YES;
				CLANG_WARN_BLOCK_CAPTURE_AUTORELEASING = YES;
				CLANG_WARN_BOOL_CONVERSION = YES;
				CLANG_WARN_COMMA = YES;
				CLANG_WARN_CONSTANT_CONVERSION = YES;
				CLANG_WARN_DEPRECATED_OBJC_IMPLEMENTATIONS = YES;
				CLANG_WARN_DIRECT_OBJC_ISA_USAGE = YES_ERROR;
				CLANG_WARN_DOCUMENTATION_COMMENTS = YES;
				CLANG_WARN_EMPTY_BODY = YES;
				CLANG_WARN_ENUM_CONVERSION = YES;
				CLANG_WARN_INFINITE_RECURSION = YES;
				CLANG_WARN_INT_CONVERSION = YES;
				CLANG_WARN_NON_LITERAL_NULL_CONVERSION = YES;
				CLANG_WARN_OBJC_IMPLICIT_RETAIN_SELF = YES;
				CLANG_WARN_OBJC_LITERAL_CONVERSION = YES;
				CLANG_WARN_OBJC_ROOT_CLASS = YES_ERROR;
				CLANG_WARN_RANGE_LOOP_ANALYSIS = YES;
				CLANG_WARN_STRICT_PROTOTYPES = YES;
				CLANG_WARN_SUSPICIOUS_MOVE = YES;
				CLANG_WARN_UNGUARDED_AVAILABILITY = YES_AGGRESSIVE;
				CLANG_WARN_UNREACHABLE_CODE = YES;
				CLANG_WARN__DUPLICATE_METHOD_MATCH = YES;
				CODE_SIGN_IDENTITY = "iPhone Developer";
				COPY_PHASE_STRIP = NO;
				DEBUG_INFORMATION_FORMAT = "dwarf-with-dsym";
				ENABLE_NS_ASSERTIONS = NO;
				ENABLE_STRICT_OBJC_MSGSEND = YES;
				GCC_C_LANGUAGE_STANDARD = gnu11;
				GCC_NO_COMMON_BLOCKS = YES;
				GCC_WARN_64_TO_32_BIT_CONVERSION = YES;
				GCC_WARN_ABOUT_RETURN_TYPE = YES_ERROR;
				GCC_WARN_UNDECLARED_SELECTOR = YES;
				GCC_WARN_UNINITIALIZED_AUTOS = YES_AGGRESSIVE;
				GCC_WARN_UNUSED_FUNCTION = YES;
				GCC_WARN_UNUSED_VARIABLE = YES;
				IPHONEOS_DEPLOYMENT_TARGET = 11.4;
				MTL_ENABLE_DEBUG_INFO = NO;
				SDKROOT = iphoneos;
				SWIFT_COMPILATION_MODE = wholemodule;
				SWIFT_OPTIMIZATION_LEVEL = "-O";
				VALIDATE_PRODUCT = YES;
			};
			name = Release;
		};
		6F6F653A20EBF3BB0023A647 /* Debug */ = {
			isa = XCBuildConfiguration;
			baseConfigurationReference = 69CADE791EB189F803617134 /* Pods-BankingApp.debug.xcconfig */;
			buildSettings = {
				ASSETCATALOG_COMPILER_APPICON_NAME = AppIcon;
				CODE_SIGN_IDENTITY = "iPhone Developer";
				"CODE_SIGN_IDENTITY[sdk=*]" = "iPhone Developer";
				CODE_SIGN_INJECT_BASE_ENTITLEMENTS = YES;
				CODE_SIGN_STYLE = Automatic;
				DEVELOPMENT_TEAM = 5YJ6A77428;
				INFOPLIST_FILE = BankingApp/Info.plist;
				IPHONEOS_DEPLOYMENT_TARGET = 11.0;
				LD_RUNPATH_SEARCH_PATHS = (
					"$(inherited)",
					"@executable_path/Frameworks",
				);
				PRODUCT_BUNDLE_IDENTIFIER = com.fullerton.bankingapp.BankingApp;
				PRODUCT_NAME = "$(TARGET_NAME)";
				PROVISIONING_PROFILE_SPECIFIER = "";
				SWIFT_VERSION = 4.0;
				TARGETED_DEVICE_FAMILY = "1,2";
			};
			name = Debug;
		};
		6F6F653B20EBF3BB0023A647 /* Release */ = {
			isa = XCBuildConfiguration;
			baseConfigurationReference = 995AAE5D49A113D5EB737AAF /* Pods-BankingApp.release.xcconfig */;
			buildSettings = {
				ASSETCATALOG_COMPILER_APPICON_NAME = AppIcon;
				CODE_SIGN_IDENTITY = "iPhone Developer";
				"CODE_SIGN_IDENTITY[sdk=*]" = "iPhone Developer";
				CODE_SIGN_INJECT_BASE_ENTITLEMENTS = YES;
				CODE_SIGN_STYLE = Automatic;
				DEVELOPMENT_TEAM = 5YJ6A77428;
				INFOPLIST_FILE = BankingApp/Info.plist;
				IPHONEOS_DEPLOYMENT_TARGET = 11.0;
				LD_RUNPATH_SEARCH_PATHS = (
					"$(inherited)",
					"@executable_path/Frameworks",
				);
				PRODUCT_BUNDLE_IDENTIFIER = com.fullerton.bankingapp.BankingApp;
				PRODUCT_NAME = "$(TARGET_NAME)";
				PROVISIONING_PROFILE_SPECIFIER = "";
				SWIFT_VERSION = 4.0;
				TARGETED_DEVICE_FAMILY = "1,2";
			};
			name = Release;
		};
		6F6F653D20EBF3BB0023A647 /* Debug */ = {
			isa = XCBuildConfiguration;
			baseConfigurationReference = 8BD71EC494F021BA1AED474D /* Pods-BankingAppTests.debug.xcconfig */;
			buildSettings = {
				ALWAYS_EMBED_SWIFT_STANDARD_LIBRARIES = YES;
				BUNDLE_LOADER = "$(TEST_HOST)";
				CODE_SIGN_STYLE = Automatic;
				DEVELOPMENT_TEAM = 5YJ6A77428;
				INFOPLIST_FILE = BankingAppTests/Info.plist;
				LD_RUNPATH_SEARCH_PATHS = (
					"$(inherited)",
					"@executable_path/Frameworks",
					"@loader_path/Frameworks",
				);
				PRODUCT_BUNDLE_IDENTIFIER = com.fullerton.bankingapp.BankingAppTests;
				PRODUCT_NAME = "$(TARGET_NAME)";
				SWIFT_VERSION = 4.0;
				TARGETED_DEVICE_FAMILY = "1,2";
				TEST_HOST = "$(BUILT_PRODUCTS_DIR)/BankingApp.app/BankingApp";
			};
			name = Debug;
		};
		6F6F653E20EBF3BB0023A647 /* Release */ = {
			isa = XCBuildConfiguration;
			baseConfigurationReference = A8CB5C77297597A410CF0502 /* Pods-BankingAppTests.release.xcconfig */;
			buildSettings = {
				ALWAYS_EMBED_SWIFT_STANDARD_LIBRARIES = YES;
				BUNDLE_LOADER = "$(TEST_HOST)";
				CODE_SIGN_STYLE = Automatic;
				DEVELOPMENT_TEAM = 5YJ6A77428;
				INFOPLIST_FILE = BankingAppTests/Info.plist;
				LD_RUNPATH_SEARCH_PATHS = (
					"$(inherited)",
					"@executable_path/Frameworks",
					"@loader_path/Frameworks",
				);
				PRODUCT_BUNDLE_IDENTIFIER = com.fullerton.bankingapp.BankingAppTests;
				PRODUCT_NAME = "$(TARGET_NAME)";
				SWIFT_VERSION = 4.0;
				TARGETED_DEVICE_FAMILY = "1,2";
				TEST_HOST = "$(BUILT_PRODUCTS_DIR)/BankingApp.app/BankingApp";
			};
			name = Release;
		};
		6F6F654020EBF3BB0023A647 /* Debug */ = {
			isa = XCBuildConfiguration;
			baseConfigurationReference = 1F84299B14593F4DEDD88712 /* Pods-BankingAppUITests.debug.xcconfig */;
			buildSettings = {
				ALWAYS_EMBED_SWIFT_STANDARD_LIBRARIES = YES;
				CODE_SIGN_STYLE = Automatic;
				DEVELOPMENT_TEAM = 5YJ6A77428;
				INFOPLIST_FILE = BankingAppUITests/Info.plist;
				LD_RUNPATH_SEARCH_PATHS = (
					"$(inherited)",
					"@executable_path/Frameworks",
					"@loader_path/Frameworks",
				);
				PRODUCT_BUNDLE_IDENTIFIER = com.fullerton.bankingapp.BankingAppUITests;
				PRODUCT_NAME = "$(TARGET_NAME)";
				SWIFT_VERSION = 4.0;
				TARGETED_DEVICE_FAMILY = "1,2";
				TEST_TARGET_NAME = BankingApp;
			};
			name = Debug;
		};
		6F6F654120EBF3BB0023A647 /* Release */ = {
			isa = XCBuildConfiguration;
			baseConfigurationReference = 433FFAB1EDD07457E1E670A1 /* Pods-BankingAppUITests.release.xcconfig */;
			buildSettings = {
				ALWAYS_EMBED_SWIFT_STANDARD_LIBRARIES = YES;
				CODE_SIGN_STYLE = Automatic;
				DEVELOPMENT_TEAM = 5YJ6A77428;
				INFOPLIST_FILE = BankingAppUITests/Info.plist;
				LD_RUNPATH_SEARCH_PATHS = (
					"$(inherited)",
					"@executable_path/Frameworks",
					"@loader_path/Frameworks",
				);
				PRODUCT_BUNDLE_IDENTIFIER = com.fullerton.bankingapp.BankingAppUITests;
				PRODUCT_NAME = "$(TARGET_NAME)";
				SWIFT_VERSION = 4.0;
				TARGETED_DEVICE_FAMILY = "1,2";
				TEST_TARGET_NAME = BankingApp;
			};
			name = Release;
		};
/* End XCBuildConfiguration section */

/* Begin XCConfigurationList section */
		6F6F650C20EBF3B90023A647 /* Build configuration list for PBXProject "BankingApp" */ = {
			isa = XCConfigurationList;
			buildConfigurations = (
				6F6F653720EBF3BB0023A647 /* Debug */,
				6F6F653820EBF3BB0023A647 /* Release */,
			);
			defaultConfigurationIsVisible = 0;
			defaultConfigurationName = Release;
		};
		6F6F653920EBF3BB0023A647 /* Build configuration list for PBXNativeTarget "BankingApp" */ = {
			isa = XCConfigurationList;
			buildConfigurations = (
				6F6F653A20EBF3BB0023A647 /* Debug */,
				6F6F653B20EBF3BB0023A647 /* Release */,
			);
			defaultConfigurationIsVisible = 0;
			defaultConfigurationName = Release;
		};
		6F6F653C20EBF3BB0023A647 /* Build configuration list for PBXNativeTarget "BankingAppTests" */ = {
			isa = XCConfigurationList;
			buildConfigurations = (
				6F6F653D20EBF3BB0023A647 /* Debug */,
				6F6F653E20EBF3BB0023A647 /* Release */,
			);
			defaultConfigurationIsVisible = 0;
			defaultConfigurationName = Release;
		};
		6F6F653F20EBF3BB0023A647 /* Build configuration list for PBXNativeTarget "BankingAppUITests" */ = {
			isa = XCConfigurationList;
			buildConfigurations = (
				6F6F654020EBF3BB0023A647 /* Debug */,
				6F6F654120EBF3BB0023A647 /* Release */,
			);
			defaultConfigurationIsVisible = 0;
			defaultConfigurationName = Release;
		};
/* End XCConfigurationList section */
	};
	rootObject = 6F6F650920EBF3B90023A647 /* Project object */;
}
